<?xml version="1.0" encoding="utf-8"?>
<Project ToolsVersion="15.0" xmlns="http://schemas.microsoft.com/developer/msbuild/2003">
  <ItemGroup>
    <ClCompile Include="CanvasRenderer.cpp" />
    <ClCompile Include="DeviceResources.cpp" />
    <ClCompile Include="NeuronRender.cpp" />
    <ClCompile Include="pch.cpp" />
    <ClCompile Include="SceneRenderer.cpp" />
    <ClCompile Include="DdsLoader.cpp" />
    <ClCompile Include="CmoLoader.cpp" />
  </ItemGroup>
  <ItemGroup>
    <ClInclude Include="CanvasRenderer.h" />
    <ClInclude Include="DeviceResources.h" />
    <ClInclude Include="pch.h" />
    <ClInclude Include="SceneRenderer.h" />
    <ClInclude Include="DdsParse.h" />
    <ClInclude Include="CmoParse.h" />
    <ClInclude Include="CmoAnimation.h" />
    <ClInclude Include="FontAtlasLayout.h" />
    <ClInclude Include="DdsLoader.h" />
    <ClInclude Include="CmoLoader.h" />
    <ClInclude Include="TextureGpu.h" />
    <ClInclude Include="MeshGpu.h" />
  </ItemGroup>
  <ItemGroup>
    <Filter Include="Project Files">
      <UniqueIdentifier>{bd627d28-e1bf-49f3-9722-5f2f0824a3e1}</UniqueIdentifier>
    </Filter>
  </ItemGroup>
  <ItemGroup>
    <None Include="packages.config">
      <Filter>Project Files</Filter>
    </None>
  </ItemGroup>
</Project>