<?xml version="1.0" encoding="utf-8"?>
<Project ToolsVersion="4.0" xmlns="http://schemas.microsoft.com/developer/msbuild/2003">
  <ItemGroup>
    <ClCompile Include="ERServer.cpp" />
    <ClCompile Include="pch.cpp" />
    <ClCompile Include="IocpUdpListener.cpp">
      <Filter>NetIO</Filter>
    </ClCompile>
    <ClCompile Include="persist\PersistConfig.cpp">
      <Filter>Persist</Filter>
    </ClCompile>
    <ClCompile Include="persist\OdbcConnection.cpp">
      <Filter>Persist</Filter>
    </ClCompile>
    <ClCompile Include="persist\OdbcConnectionPool.cpp">
      <Filter>Persist</Filter>
    </ClCompile>
    <ClCompile Include="persist\AccountStore.cpp">
      <Filter>Persist</Filter>
    </ClCompile>
    <ClCompile Include="persist\EconomyStore.cpp">
      <Filter>Persist</Filter>
    </ClCompile>
    <ClCompile Include="persist\WriteBehindStore.cpp">
      <Filter>Persist</Filter>
    </ClCompile>
    <ClCompile Include="persist\SimSnapshotStore.cpp">
      <Filter>Persist</Filter>
    </ClCompile>
    <ClCompile Include="persist\PersistenceThread.cpp">
      <Filter>Persist</Filter>
    </ClCompile>
  </ItemGroup>
  <ItemGroup>
    <ClInclude Include="pch.h" />
    <ClInclude Include="ServerConfig.h" />
    <ClInclude Include="IocpUdpListener.h">
      <Filter>NetIO</Filter>
    </ClInclude>
    <ClInclude Include="persist\PersistConfig.h">
      <Filter>Persist</Filter>
    </ClInclude>
    <ClInclude Include="persist\OdbcConnection.h">
      <Filter>Persist</Filter>
    </ClInclude>
    <ClInclude Include="persist\OdbcConnectionPool.h">
      <Filter>Persist</Filter>
    </ClInclude>
    <ClInclude Include="persist\PersistQueue.h">
      <Filter>Persist</Filter>
    </ClInclude>
    <ClInclude Include="persist\AccountStore.h">
      <Filter>Persist</Filter>
    </ClInclude>
    <ClInclude Include="persist\EconomyStore.h">
      <Filter>Persist</Filter>
    </ClInclude>
    <ClInclude Include="persist\WriteBehindStore.h">
      <Filter>Persist</Filter>
    </ClInclude>
    <ClInclude Include="persist\SimSnapshotStore.h">
      <Filter>Persist</Filter>
    </ClInclude>
    <ClInclude Include="persist\PersistenceThread.h">
      <Filter>Persist</Filter>
    </ClInclude>
  </ItemGroup>
  <ItemGroup>
    <Filter Include="Project Files">
      <UniqueIdentifier>{fa109b38-0f03-49bd-98ca-1314497250fe}</UniqueIdentifier>
    </Filter>
    <Filter Include="NetIO">
      <UniqueIdentifier>{9783ed58-8528-4df9-b1bb-61b6b797a630}</UniqueIdentifier>
    </Filter>
    <Filter Include="Persist">
      <UniqueIdentifier>{b7e6c2a4-3d5f-4e88-9a21-5c0f7d6e1a42}</UniqueIdentifier>
    </Filter>
  </ItemGroup>
  <ItemGroup>
    <None Include="packages.config">
      <Filter>Project Files</Filter>
    </None>
  </ItemGroup>
</Project>