<?xml version="1.0" encoding="utf-8"?>
<Project ToolsVersion="4.0" xmlns="http://schemas.microsoft.com/developer/msbuild/2003">
  <ItemGroup>
    <ClCompile Include="App.cpp" />
    <ClCompile Include="DatagramSocketAdapter.cpp" />
    <ClCompile Include="pch.cpp" />
  </ItemGroup>
  <ItemGroup>
    <ClInclude Include="DatagramSocketAdapter.h" />
    <ClInclude Include="pch.h" />
    <ClInclude Include="TacticalHud.h" />
    <ClInclude Include="MenuUi.h" />
    <ClInclude Include="FleetCommandController.h" />
  </ItemGroup>
  <ItemGroup>
    <Image Include="Assets\Wide310x150Logo.scale-200.png">
      <Filter>Assets</Filter>
    </Image>
    <Image Include="Assets\StoreLogo.png">
      <Filter>Assets</Filter>
    </Image>
    <Image Include="Assets\Square150x150Logo.scale-200.png">
      <Filter>Assets</Filter>
    </Image>
    <Image Include="Assets\Square44x44Logo.targetsize-24_altform-unplated.png">
      <Filter>Assets</Filter>
    </Image>
    <Image Include="Assets\Square44x44Logo.scale-200.png">
      <Filter>Assets</Filter>
    </Image>
    <Image Include="Assets\SplashScreen.scale-200.png">
      <Filter>Assets</Filter>
    </Image>
    <Image Include="Assets\LockScreenLogo.scale-200.png">
      <Filter>Assets</Filter>
    </Image>
    <Image Include="Assets\Fonts\EditorFont-ENG.dds">
      <Filter>Assets\Fonts</Filter>
    </Image>
    <Image Include="Assets\Fonts\EditorFont-FRA.dds">
      <Filter>Assets\Fonts</Filter>
    </Image>
    <Image Include="Assets\Fonts\EditorFont-ITA.dds">
      <Filter>Assets\Fonts</Filter>
    </Image>
    <Image Include="Assets\Fonts\EditorFont-RUS.dds">
      <Filter>Assets\Fonts</Filter>
    </Image>
    <Image Include="Assets\Fonts\SpeccyFont-ENG.dds">
      <Filter>Assets\Fonts</Filter>
    </Image>
    <Image Include="Assets\Fonts\SpeccyFont-FRA.dds">
      <Filter>Assets\Fonts</Filter>
    </Image>
    <Image Include="Assets\Fonts\SpeccyFont-ITA.dds">
      <Filter>Assets\Fonts</Filter>
    </Image>
    <Image Include="Assets\Fonts\SpeccyFont-RUS.dds">
      <Filter>Assets\Fonts</Filter>
    </Image>
    <Image Include="Assets\Textures\CloudyGlow.dds">
      <Filter>Assets\Textures</Filter>
    </Image>
    <Image Include="Assets\Textures\Fuel.dds">
      <Filter>Assets\Textures</Filter>
    </Image>
    <Image Include="Assets\Textures\Glow.dds">
      <Filter>Assets\Textures</Filter>
    </Image>
    <Image Include="Assets\Textures\InterfaceGrey.dds">
      <Filter>Assets\Textures</Filter>
    </Image>
    <Image Include="Assets\Textures\InterfaceRed.dds">
      <Filter>Assets\Textures</Filter>
    </Image>
    <Image Include="Assets\Textures\Particle.dds">
      <Filter>Assets\Textures</Filter>
    </Image>
    <Image Include="Assets\Textures\ShapeWireframe.dds">
      <Filter>Assets\Textures</Filter>
    </Image>
    <Image Include="Assets\Textures\starbox_1024.dds">
      <Filter>Assets\Textures</Filter>
    </Image>
    <Image Include="Assets\Textures\Starburst.dds">
      <Filter>Assets\Textures</Filter>
    </Image>
    <Image Include="Assets\Shapes\Jumpgates\Jumpgate011.dds">
      <Filter>Assets\Shapes\Jumpgates</Filter>
    </Image>
    <Image Include="Assets\Shapes\Jumpgates\Jumpgate012.dds">
      <Filter>Assets\Shapes\Jumpgates</Filter>
    </Image>
    <Image Include="Assets\Shapes\Jumpgates\Jumpgate013.dds">
      <Filter>Assets\Shapes\Jumpgates</Filter>
    </Image>
    <Image Include="Assets\Shapes\Asteroids\Asteroid01Rock1.dds">
      <Filter>Assets\Shapes\Asteroids</Filter>
    </Image>
    <Image Include="Assets\Shapes\Asteroids\Asteroid01Rock2.dds">
      <Filter>Assets\Shapes\Asteroids</Filter>
    </Image>
    <Image Include="Assets\Shapes\Asteroids\Asteroid01Rock3.dds">
      <Filter>Assets\Shapes\Asteroids</Filter>
    </Image>
    <Image Include="Assets\Shapes\Asteroids\Asteroid02Rock1.dds">
      <Filter>Assets\Shapes\Asteroids</Filter>
    </Image>
    <Image Include="Assets\Shapes\Asteroids\Asteroid02Rock2.dds">
      <Filter>Assets\Shapes\Asteroids</Filter>
    </Image>
    <Image Include="Assets\Shapes\Asteroids\Asteroid02Rock3.dds">
      <Filter>Assets\Shapes\Asteroids</Filter>
    </Image>
    <Image Include="Assets\Shapes\Asteroids\Asteroid03Rock1.dds">
      <Filter>Assets\Shapes\Asteroids</Filter>
    </Image>
    <Image Include="Assets\Shapes\Asteroids\Asteroid03Rock2.dds">
      <Filter>Assets\Shapes\Asteroids</Filter>
    </Image>
    <Image Include="Assets\Shapes\Asteroids\Asteroid03Rock3.dds">
      <Filter>Assets\Shapes\Asteroids</Filter>
    </Image>
    <Image Include="Assets\Shapes\Asteroids\Asteroid04Ice1.dds">
      <Filter>Assets\Shapes\Asteroids</Filter>
    </Image>
    <Image Include="Assets\Shapes\Asteroids\Asteroid04Ice2.dds">
      <Filter>Assets\Shapes\Asteroids</Filter>
    </Image>
    <Image Include="Assets\Shapes\Asteroids\Asteroid04Ice3.dds">
      <Filter>Assets\Shapes\Asteroids</Filter>
    </Image>
    <Image Include="Assets\Shapes\Asteroids\Asteroid05Ice1.dds">
      <Filter>Assets\Shapes\Asteroids</Filter>
    </Image>
    <Image Include="Assets\Shapes\Asteroids\Asteroid05Ice2.dds">
      <Filter>Assets\Shapes\Asteroids</Filter>
    </Image>
    <Image Include="Assets\Shapes\Asteroids\Asteroid05Ice3.dds">
      <Filter>Assets\Shapes\Asteroids</Filter>
    </Image>
    <Image Include="Assets\Shapes\Asteroids\Asteroid06Lava1.dds">
      <Filter>Assets\Shapes\Asteroids</Filter>
    </Image>
    <Image Include="Assets\Shapes\Asteroids\Asteroid06Lava2.dds">
      <Filter>Assets\Shapes\Asteroids</Filter>
    </Image>
    <Image Include="Assets\Shapes\Asteroids\Asteroid06Lava3.dds">
      <Filter>Assets\Shapes\Asteroids</Filter>
    </Image>
    <Image Include="Assets\Shapes\Crates\Crate011.dds">
      <Filter>Assets\Shapes\Crates</Filter>
    </Image>
    <Image Include="Assets\Shapes\Crates\Crate012.dds">
      <Filter>Assets\Shapes\Crates</Filter>
    </Image>
    <Image Include="Assets\Shapes\Crates\Crate013.dds">
      <Filter>Assets\Shapes\Crates</Filter>
    </Image>
    <Image Include="Assets\Shapes\Crates\Crate021.dds">
      <Filter>Assets\Shapes\Crates</Filter>
    </Image>
    <Image Include="Assets\Shapes\Crates\Crate022.dds">
      <Filter>Assets\Shapes\Crates</Filter>
    </Image>
    <Image Include="Assets\Shapes\Crates\Crate023.dds">
      <Filter>Assets\Shapes\Crates</Filter>
    </Image>
    <Image Include="Assets\Shapes\Crates\CrateAlien011.dds">
      <Filter>Assets\Shapes\Crates</Filter>
    </Image>
    <Image Include="Assets\Shapes\Crates\CrateAlien012.dds">
      <Filter>Assets\Shapes\Crates</Filter>
    </Image>
    <Image Include="Assets\Shapes\Crates\CrateAlien013.dds">
      <Filter>Assets\Shapes\Crates</Filter>
    </Image>
    <Image Include="Assets\Shapes\Decorations\BrokenAsteroid011.dds">
      <Filter>Assets\Shapes\Decorations</Filter>
    </Image>
    <Image Include="Assets\Shapes\Decorations\BrokenAsteroid012.dds">
      <Filter>Assets\Shapes\Decorations</Filter>
    </Image>
    <Image Include="Assets\Shapes\Decorations\BrokenAsteroid013.dds">
      <Filter>Assets\Shapes\Decorations</Filter>
    </Image>
    <Image Include="Assets\Shapes\Decorations\Satellite01Rust1.dds">
      <Filter>Assets\Shapes\Decorations</Filter>
    </Image>
    <Image Include="Assets\Shapes\Decorations\Satellite01Rust2.dds">
      <Filter>Assets\Shapes\Decorations</Filter>
    </Image>
    <Image Include="Assets\Shapes\Decorations\Satellite01Rust3.dds">
      <Filter>Assets\Shapes\Decorations</Filter>
    </Image>
    <Image Include="Assets\Shapes\Decorations\Satellite011.dds">
      <Filter>Assets\Shapes\Decorations</Filter>
    </Image>
    <Image Include="Assets\Shapes\Decorations\Satellite012.dds">
      <Filter>Assets\Shapes\Decorations</Filter>
    </Image>
    <Image Include="Assets\Shapes\Decorations\Satellite013.dds">
      <Filter>Assets\Shapes\Decorations</Filter>
    </Image>
    <Image Include="Assets\Shapes\Decorations\StationWreck011.dds">
      <Filter>Assets\Shapes\Decorations</Filter>
    </Image>
    <Image Include="Assets\Shapes\Decorations\StationWreck012.dds">
      <Filter>Assets\Shapes\Decorations</Filter>
    </Image>
    <Image Include="Assets\Shapes\Decorations\StationWreck013.dds">
      <Filter>Assets\Shapes\Decorations</Filter>
    </Image>
    <Image Include="Assets\Shapes\Hulls\HeavyCruisers\HullAurora1.dds">
      <Filter>Assets\Shapes\Hulls\HeavyCruisers</Filter>
    </Image>
    <Image Include="Assets\Shapes\Hulls\HeavyCruisers\HullAurora2.dds">
      <Filter>Assets\Shapes\Hulls\HeavyCruisers</Filter>
    </Image>
    <Image Include="Assets\Shapes\Hulls\HeavyCruisers\HullAurora3.dds">
      <Filter>Assets\Shapes\Hulls\HeavyCruisers</Filter>
    </Image>
    <Image Include="Assets\Shapes\Hulls\HeavyCruisers\HullDeathBringer1.dds">
      <Filter>Assets\Shapes\Hulls\HeavyCruisers</Filter>
    </Image>
    <Image Include="Assets\Shapes\Hulls\HeavyCruisers\HullDeathBringer2.dds">
      <Filter>Assets\Shapes\Hulls\HeavyCruisers</Filter>
    </Image>
    <Image Include="Assets\Shapes\Hulls\HeavyCruisers\HullDeathBringer3.dds">
      <Filter>Assets\Shapes\Hulls\HeavyCruisers</Filter>
    </Image>
    <Image Include="Assets\Shapes\Hulls\HeavyCruisers\HullHammer1.dds">
      <Filter>Assets\Shapes\Hulls\HeavyCruisers</Filter>
    </Image>
    <Image Include="Assets\Shapes\Hulls\HeavyCruisers\HullHammer2.dds">
      <Filter>Assets\Shapes\Hulls\HeavyCruisers</Filter>
    </Image>
    <Image Include="Assets\Shapes\Hulls\HeavyCruisers\HullHammer3.dds">
      <Filter>Assets\Shapes\Hulls\HeavyCruisers</Filter>
    </Image>
    <Image Include="Assets\Shapes\Hulls\HeavyCruisers\HullWasp1.dds">
      <Filter>Assets\Shapes\Hulls\HeavyCruisers</Filter>
    </Image>
    <Image Include="Assets\Shapes\Hulls\HeavyCruisers\HullWasp2.dds">
      <Filter>Assets\Shapes\Hulls\HeavyCruisers</Filter>
    </Image>
    <Image Include="Assets\Shapes\Hulls\HeavyCruisers\HullWasp3.dds">
      <Filter>Assets\Shapes\Hulls\HeavyCruisers</Filter>
    </Image>
    <Image Include="Assets\Shapes\Hulls\HeavyCruisers\HullYamato1.dds">
      <Filter>Assets\Shapes\Hulls\HeavyCruisers</Filter>
    </Image>
    <Image Include="Assets\Shapes\Hulls\HeavyCruisers\HullYamato2.dds">
      <Filter>Assets\Shapes\Hulls\HeavyCruisers</Filter>
    </Image>
    <Image Include="Assets\Shapes\Hulls\HeavyCruisers\HullYamato3.dds">
      <Filter>Assets\Shapes\Hulls\HeavyCruisers</Filter>
    </Image>
    <Image Include="Assets\Shapes\Hulls\HeavyFrigates\HullAvalancheMk21.dds">
      <Filter>Assets\Shapes\Hulls\HeavyFrigates</Filter>
    </Image>
    <Image Include="Assets\Shapes\Hulls\HeavyFrigates\HullAvalancheMk22.dds">
      <Filter>Assets\Shapes\Hulls\HeavyFrigates</Filter>
    </Image>
    <Image Include="Assets\Shapes\Hulls\HeavyFrigates\HullAvalancheMk23.dds">
      <Filter>Assets\Shapes\Hulls\HeavyFrigates</Filter>
    </Image>
    <Image Include="Assets\Shapes\Hulls\HeavyFrigates\HullBansheeMk21.dds">
      <Filter>Assets\Shapes\Hulls\HeavyFrigates</Filter>
    </Image>
    <Image Include="Assets\Shapes\Hulls\HeavyFrigates\HullBansheeMk22.dds">
      <Filter>Assets\Shapes\Hulls\HeavyFrigates</Filter>
    </Image>
    <Image Include="Assets\Shapes\Hulls\HeavyFrigates\HullBansheeMk23.dds">
      <Filter>Assets\Shapes\Hulls\HeavyFrigates</Filter>
    </Image>
    <Image Include="Assets\Shapes\Hulls\HeavyFrigates\HullBoomerang1.dds">
      <Filter>Assets\Shapes\Hulls\HeavyFrigates</Filter>
    </Image>
    <Image Include="Assets\Shapes\Hulls\HeavyFrigates\HullBoomerang2.dds">
      <Filter>Assets\Shapes\Hulls\HeavyFrigates</Filter>
    </Image>
    <Image Include="Assets\Shapes\Hulls\HeavyFrigates\HullBoomerang3.dds">
      <Filter>Assets\Shapes\Hulls\HeavyFrigates</Filter>
    </Image>
    <Image Include="Assets\Shapes\Hulls\HeavyFrigates\HullFang1.dds">
      <Filter>Assets\Shapes\Hulls\HeavyFrigates</Filter>
    </Image>
    <Image Include="Assets\Shapes\Hulls\HeavyFrigates\HullFang2.dds">
      <Filter>Assets\Shapes\Hulls\HeavyFrigates</Filter>
    </Image>
    <Image Include="Assets\Shapes\Hulls\HeavyFrigates\HullFang3.dds">
      <Filter>Assets\Shapes\Hulls\HeavyFrigates</Filter>
    </Image>
    <Image Include="Assets\Shapes\Hulls\HeavyFrigates\HullFreighter1.dds">
      <Filter>Assets\Shapes\Hulls\HeavyFrigates</Filter>
    </Image>
    <Image Include="Assets\Shapes\Hulls\HeavyFrigates\HullFreighter2.dds">
      <Filter>Assets\Shapes\Hulls\HeavyFrigates</Filter>
    </Image>
    <Image Include="Assets\Shapes\Hulls\HeavyFrigates\HullFreighter3.dds">
      <Filter>Assets\Shapes\Hulls\HeavyFrigates</Filter>
    </Image>
    <Image Include="Assets\Shapes\Hulls\HeavyFrigates\HullScarabMk21.dds">
      <Filter>Assets\Shapes\Hulls\HeavyFrigates</Filter>
    </Image>
    <Image Include="Assets\Shapes\Hulls\HeavyFrigates\HullScarabMk22.dds">
      <Filter>Assets\Shapes\Hulls\HeavyFrigates</Filter>
    </Image>
    <Image Include="Assets\Shapes\Hulls\HeavyFrigates\HullScarabMk23.dds">
      <Filter>Assets\Shapes\Hulls\HeavyFrigates</Filter>
    </Image>
    <Image Include="Assets\Shapes\Hulls\HeavyFrigates\HullStingray1.dds">
      <Filter>Assets\Shapes\Hulls\HeavyFrigates</Filter>
    </Image>
    <Image Include="Assets\Shapes\Hulls\HeavyFrigates\HullStingray2.dds">
      <Filter>Assets\Shapes\Hulls\HeavyFrigates</Filter>
    </Image>
    <Image Include="Assets\Shapes\Hulls\HeavyFrigates\HullStingray3.dds">
      <Filter>Assets\Shapes\Hulls\HeavyFrigates</Filter>
    </Image>
    <Image Include="Assets\Shapes\Hulls\HeavyFrigates\HullStryker1.dds">
      <Filter>Assets\Shapes\Hulls\HeavyFrigates</Filter>
    </Image>
    <Image Include="Assets\Shapes\Hulls\HeavyFrigates\HullStryker2.dds">
      <Filter>Assets\Shapes\Hulls\HeavyFrigates</Filter>
    </Image>
    <Image Include="Assets\Shapes\Hulls\HeavyFrigates\HullStryker3.dds">
      <Filter>Assets\Shapes\Hulls\HeavyFrigates</Filter>
    </Image>
    <Image Include="Assets\Shapes\Hulls\LightCruisers\HullAsteria1.dds">
      <Filter>Assets\Shapes\Hulls\LightCruisers</Filter>
    </Image>
    <Image Include="Assets\Shapes\Hulls\LightCruisers\HullAsteria2.dds">
      <Filter>Assets\Shapes\Hulls\LightCruisers</Filter>
    </Image>
    <Image Include="Assets\Shapes\Hulls\LightCruisers\HullAsteria3.dds">
      <Filter>Assets\Shapes\Hulls\LightCruisers</Filter>
    </Image>
    <Image Include="Assets\Shapes\Hulls\LightCruisers\HullCrab1.dds">
      <Filter>Assets\Shapes\Hulls\LightCruisers</Filter>
    </Image>
    <Image Include="Assets\Shapes\Hulls\LightCruisers\HullCrab2.dds">
      <Filter>Assets\Shapes\Hulls\LightCruisers</Filter>
    </Image>
    <Image Include="Assets\Shapes\Hulls\LightCruisers\HullCrab3.dds">
      <Filter>Assets\Shapes\Hulls\LightCruisers</Filter>
    </Image>
    <Image Include="Assets\Shapes\Hulls\LightCruisers\HullCrabOrder1.dds">
      <Filter>Assets\Shapes\Hulls\LightCruisers</Filter>
    </Image>
    <Image Include="Assets\Shapes\Hulls\LightCruisers\HullCrabOrder2.dds">
      <Filter>Assets\Shapes\Hulls\LightCruisers</Filter>
    </Image>
    <Image Include="Assets\Shapes\Hulls\LightCruisers\HullCrabOrder3.dds">
      <Filter>Assets\Shapes\Hulls\LightCruisers</Filter>
    </Image>
    <Image Include="Assets\Shapes\Hulls\LightCruisers\HullOrca1.dds">
      <Filter>Assets\Shapes\Hulls\LightCruisers</Filter>
    </Image>
    <Image Include="Assets\Shapes\Hulls\LightCruisers\HullOrca2.dds">
      <Filter>Assets\Shapes\Hulls\LightCruisers</Filter>
    </Image>
    <Image Include="Assets\Shapes\Hulls\LightCruisers\HullOrca3.dds">
      <Filter>Assets\Shapes\Hulls\LightCruisers</Filter>
    </Image>
    <Image Include="Assets\Shapes\Hulls\LightCruisers\HullOrcaFreedom1.dds">
      <Filter>Assets\Shapes\Hulls\LightCruisers</Filter>
    </Image>
    <Image Include="Assets\Shapes\Hulls\LightCruisers\HullOrcaFreedom2.dds">
      <Filter>Assets\Shapes\Hulls\LightCruisers</Filter>
    </Image>
    <Image Include="Assets\Shapes\Hulls\LightCruisers\HullOrcaFreedom3.dds">
      <Filter>Assets\Shapes\Hulls\LightCruisers</Filter>
    </Image>
    <Image Include="Assets\Shapes\Hulls\LightCruisers\HullStingrayMk2Fanatics1.dds">
      <Filter>Assets\Shapes\Hulls\LightCruisers</Filter>
    </Image>
    <Image Include="Assets\Shapes\Hulls\LightCruisers\HullStingrayMk2Fanatics2.dds">
      <Filter>Assets\Shapes\Hulls\LightCruisers</Filter>
    </Image>
    <Image Include="Assets\Shapes\Hulls\LightCruisers\HullStingrayMk2Fanatics3.dds">
      <Filter>Assets\Shapes\Hulls\LightCruisers</Filter>
    </Image>
    <Image Include="Assets\Shapes\Hulls\LightCruisers\HullStingrayMk21.dds">
      <Filter>Assets\Shapes\Hulls\LightCruisers</Filter>
    </Image>
    <Image Include="Assets\Shapes\Hulls\LightCruisers\HullStingrayMk22.dds">
      <Filter>Assets\Shapes\Hulls\LightCruisers</Filter>
    </Image>
    <Image Include="Assets\Shapes\Hulls\LightCruisers\HullStingrayMk23.dds">
      <Filter>Assets\Shapes\Hulls\LightCruisers</Filter>
    </Image>
    <Image Include="Assets\Shapes\Hulls\LightFrigates\HullAvalanche1.dds">
      <Filter>Assets\Shapes\Hulls\LightFrigates</Filter>
    </Image>
    <Image Include="Assets\Shapes\Hulls\LightFrigates\HullAvalanche2.dds">
      <Filter>Assets\Shapes\Hulls\LightFrigates</Filter>
    </Image>
    <Image Include="Assets\Shapes\Hulls\LightFrigates\HullAvalanche3.dds">
      <Filter>Assets\Shapes\Hulls\LightFrigates</Filter>
    </Image>
    <Image Include="Assets\Shapes\Hulls\LightFrigates\HullBanshee1.dds">
      <Filter>Assets\Shapes\Hulls\LightFrigates</Filter>
    </Image>
    <Image Include="Assets\Shapes\Hulls\LightFrigates\HullBanshee2.dds">
      <Filter>Assets\Shapes\Hulls\LightFrigates</Filter>
    </Image>
    <Image Include="Assets\Shapes\Hulls\LightFrigates\HullBanshee3.dds">
      <Filter>Assets\Shapes\Hulls\LightFrigates</Filter>
    </Image>
    <Image Include="Assets\Shapes\Hulls\LightFrigates\HullEndeavor1.dds">
      <Filter>Assets\Shapes\Hulls\LightFrigates</Filter>
    </Image>
    <Image Include="Assets\Shapes\Hulls\LightFrigates\HullEndeavor2.dds">
      <Filter>Assets\Shapes\Hulls\LightFrigates</Filter>
    </Image>
    <Image Include="Assets\Shapes\Hulls\LightFrigates\HullEndeavor3.dds">
      <Filter>Assets\Shapes\Hulls\LightFrigates</Filter>
    </Image>
    <Image Include="Assets\Shapes\Hulls\LightFrigates\HullHeretic1.dds">
      <Filter>Assets\Shapes\Hulls\LightFrigates</Filter>
    </Image>
    <Image Include="Assets\Shapes\Hulls\LightFrigates\HullHeretic2.dds">
      <Filter>Assets\Shapes\Hulls\LightFrigates</Filter>
    </Image>
    <Image Include="Assets\Shapes\Hulls\LightFrigates\HullHeretic3.dds">
      <Filter>Assets\Shapes\Hulls\LightFrigates</Filter>
    </Image>
    <Image Include="Assets\Shapes\Hulls\LightFrigates\HullScarab1.dds">
      <Filter>Assets\Shapes\Hulls\LightFrigates</Filter>
    </Image>
    <Image Include="Assets\Shapes\Hulls\LightFrigates\HullScarab2.dds">
      <Filter>Assets\Shapes\Hulls\LightFrigates</Filter>
    </Image>
    <Image Include="Assets\Shapes\Hulls\LightFrigates\HullScarab3.dds">
      <Filter>Assets\Shapes\Hulls\LightFrigates</Filter>
    </Image>
    <Image Include="Assets\Shapes\Hulls\LightFrigates\HullShuttle1.dds">
      <Filter>Assets\Shapes\Hulls\LightFrigates</Filter>
    </Image>
    <Image Include="Assets\Shapes\Hulls\LightFrigates\HullShuttle2.dds">
      <Filter>Assets\Shapes\Hulls\LightFrigates</Filter>
    </Image>
    <Image Include="Assets\Shapes\Hulls\LightFrigates\HullShuttle3.dds">
      <Filter>Assets\Shapes\Hulls\LightFrigates</Filter>
    </Image>
    <Image Include="Assets\Shapes\Hulls\Other\HullFreighterNpc1.dds">
      <Filter>Assets\Shapes\Hulls\Other</Filter>
    </Image>
    <Image Include="Assets\Shapes\Hulls\Other\HullFreighterNpc2.dds">
      <Filter>Assets\Shapes\Hulls\Other</Filter>
    </Image>
    <Image Include="Assets\Shapes\Hulls\Other\HullFreighterNpc3.dds">
      <Filter>Assets\Shapes\Hulls\Other</Filter>
    </Image>
    <Image Include="Assets\Shapes\Hulls\Other\HullHive1.dds">
      <Filter>Assets\Shapes\Hulls\Other</Filter>
    </Image>
    <Image Include="Assets\Shapes\Hulls\Other\HullHive2.dds">
      <Filter>Assets\Shapes\Hulls\Other</Filter>
    </Image>
    <Image Include="Assets\Shapes\Hulls\Other\HullHive3.dds">
      <Filter>Assets\Shapes\Hulls\Other</Filter>
    </Image>
    <Image Include="Assets\Shapes\Hulls\Other\HullMegalisk1.dds">
      <Filter>Assets\Shapes\Hulls\Other</Filter>
    </Image>
    <Image Include="Assets\Shapes\Hulls\Other\HullMegalisk2.dds">
      <Filter>Assets\Shapes\Hulls\Other</Filter>
    </Image>
    <Image Include="Assets\Shapes\Hulls\Other\HullMegalisk3.dds">
      <Filter>Assets\Shapes\Hulls\Other</Filter>
    </Image>
    <Image Include="Assets\Shapes\Hulls\Other\HullPestBrown1.dds">
      <Filter>Assets\Shapes\Hulls\Other</Filter>
    </Image>
    <Image Include="Assets\Shapes\Hulls\Other\HullPestBrown2.dds">
      <Filter>Assets\Shapes\Hulls\Other</Filter>
    </Image>
    <Image Include="Assets\Shapes\Hulls\Other\HullPestBrown3.dds">
      <Filter>Assets\Shapes\Hulls\Other</Filter>
    </Image>
    <Image Include="Assets\Shapes\Hulls\Other\HullPestRed1.dds">
      <Filter>Assets\Shapes\Hulls\Other</Filter>
    </Image>
    <Image Include="Assets\Shapes\Hulls\Other\HullPestRed2.dds">
      <Filter>Assets\Shapes\Hulls\Other</Filter>
    </Image>
    <Image Include="Assets\Shapes\Hulls\Other\HullPestRed3.dds">
      <Filter>Assets\Shapes\Hulls\Other</Filter>
    </Image>
    <Image Include="Assets\Shapes\Hulls\Other\HullPiratePlatform1.dds">
      <Filter>Assets\Shapes\Hulls\Other</Filter>
    </Image>
    <Image Include="Assets\Shapes\Hulls\Other\HullPiratePlatform2.dds">
      <Filter>Assets\Shapes\Hulls\Other</Filter>
    </Image>
    <Image Include="Assets\Shapes\Hulls\Other\HullPiratePlatform3.dds">
      <Filter>Assets\Shapes\Hulls\Other</Filter>
    </Image>
    <Image Include="Assets\Shapes\Hulls\Other\HullTurretPlatform1.dds">
      <Filter>Assets\Shapes\Hulls\Other</Filter>
    </Image>
    <Image Include="Assets\Shapes\Hulls\Other\HullTurretPlatform2.dds">
      <Filter>Assets\Shapes\Hulls\Other</Filter>
    </Image>
    <Image Include="Assets\Shapes\Hulls\Other\HullTurretPlatform3.dds">
      <Filter>Assets\Shapes\Hulls\Other</Filter>
    </Image>
    <Image Include="Assets\Shapes\Hulls\Other\HullTurretPlatformMk21.dds">
      <Filter>Assets\Shapes\Hulls\Other</Filter>
    </Image>
    <Image Include="Assets\Shapes\Hulls\Other\HullTurretPlatformMk22.dds">
      <Filter>Assets\Shapes\Hulls\Other</Filter>
    </Image>
    <Image Include="Assets\Shapes\Hulls\Other\HullTurretPlatformMk23.dds">
      <Filter>Assets\Shapes\Hulls\Other</Filter>
    </Image>
    <Image Include="Assets\Shapes\Hulls\Other\HullTurretPlatformMk31.dds">
      <Filter>Assets\Shapes\Hulls\Other</Filter>
    </Image>
    <Image Include="Assets\Shapes\Hulls\Other\HullTurretPlatformMk32.dds">
      <Filter>Assets\Shapes\Hulls\Other</Filter>
    </Image>
    <Image Include="Assets\Shapes\Hulls\Other\HullTurretPlatformMk33.dds">
      <Filter>Assets\Shapes\Hulls\Other</Filter>
    </Image>
    <Image Include="Assets\Shapes\Hulls\Other\HullTurretXengatarn1.dds">
      <Filter>Assets\Shapes\Hulls\Other</Filter>
    </Image>
    <Image Include="Assets\Shapes\Hulls\Other\HullTurretXengatarn2.dds">
      <Filter>Assets\Shapes\Hulls\Other</Filter>
    </Image>
    <Image Include="Assets\Shapes\Hulls\Other\HullTurretXengatarn3.dds">
      <Filter>Assets\Shapes\Hulls\Other</Filter>
    </Image>
    <Image Include="Assets\Shapes\Hulls\Other\HullViolator1.dds">
      <Filter>Assets\Shapes\Hulls\Other</Filter>
    </Image>
    <Image Include="Assets\Shapes\Hulls\Other\HullViolator2.dds">
      <Filter>Assets\Shapes\Hulls\Other</Filter>
    </Image>
    <Image Include="Assets\Shapes\Hulls\Other\HullViolator3.dds">
      <Filter>Assets\Shapes\Hulls\Other</Filter>
    </Image>
    <Image Include="Assets\Shapes\Stations\Business011.dds">
      <Filter>Assets\Shapes\Stations</Filter>
    </Image>
    <Image Include="Assets\Shapes\Stations\Business012.dds">
      <Filter>Assets\Shapes\Stations</Filter>
    </Image>
    <Image Include="Assets\Shapes\Stations\Business013.dds">
      <Filter>Assets\Shapes\Stations</Filter>
    </Image>
    <Image Include="Assets\Shapes\Stations\Military011.dds">
      <Filter>Assets\Shapes\Stations</Filter>
    </Image>
    <Image Include="Assets\Shapes\Stations\Military012.dds">
      <Filter>Assets\Shapes\Stations</Filter>
    </Image>
    <Image Include="Assets\Shapes\Stations\Military013.dds">
      <Filter>Assets\Shapes\Stations</Filter>
    </Image>
    <Image Include="Assets\Shapes\Stations\Mining011.dds">
      <Filter>Assets\Shapes\Stations</Filter>
    </Image>
    <Image Include="Assets\Shapes\Stations\Mining012.dds">
      <Filter>Assets\Shapes\Stations</Filter>
    </Image>
    <Image Include="Assets\Shapes\Stations\Mining013.dds">
      <Filter>Assets\Shapes\Stations</Filter>
    </Image>
    <Image Include="Assets\Shapes\Stations\Outpost011.dds">
      <Filter>Assets\Shapes\Stations</Filter>
    </Image>
    <Image Include="Assets\Shapes\Stations\Outpost012.dds">
      <Filter>Assets\Shapes\Stations</Filter>
    </Image>
    <Image Include="Assets\Shapes\Stations\Outpost013.dds">
      <Filter>Assets\Shapes\Stations</Filter>
    </Image>
    <Image Include="Assets\Shapes\Stations\Science011.dds">
      <Filter>Assets\Shapes\Stations</Filter>
    </Image>
    <Image Include="Assets\Shapes\Stations\Science012.dds">
      <Filter>Assets\Shapes\Stations</Filter>
    </Image>
    <Image Include="Assets\Shapes\Stations\Science013.dds">
      <Filter>Assets\Shapes\Stations</Filter>
    </Image>
    <Image Include="Assets\Shapes\SpecialObjects\ErgrekTerminal1.dds">
      <Filter>Assets\Shapes\SpecialObjects</Filter>
    </Image>
    <Image Include="Assets\Shapes\SpecialObjects\ErgrekTerminal2.dds">
      <Filter>Assets\Shapes\SpecialObjects</Filter>
    </Image>
    <Image Include="Assets\Shapes\SpecialObjects\ErgrekTerminal3.dds">
      <Filter>Assets\Shapes\SpecialObjects</Filter>
    </Image>
    <Image Include="Assets\Shapes\SpecialObjects\PlatformRefuel1.dds">
      <Filter>Assets\Shapes\SpecialObjects</Filter>
    </Image>
    <Image Include="Assets\Shapes\SpecialObjects\PlatformRefuel2.dds">
      <Filter>Assets\Shapes\SpecialObjects</Filter>
    </Image>
    <Image Include="Assets\Shapes\SpecialObjects\PlatformRefuel3.dds">
      <Filter>Assets\Shapes\SpecialObjects</Filter>
    </Image>
    <Image Include="Assets\Shapes\SpecialObjects\PlatformRepair1.dds">
      <Filter>Assets\Shapes\SpecialObjects</Filter>
    </Image>
    <Image Include="Assets\Shapes\SpecialObjects\PlatformRepair2.dds">
      <Filter>Assets\Shapes\SpecialObjects</Filter>
    </Image>
    <Image Include="Assets\Shapes\SpecialObjects\PlatformRepair3.dds">
      <Filter>Assets\Shapes\SpecialObjects</Filter>
    </Image>
    <Image Include="Assets\Shapes\SpecialObjects\ScurvyRemains1.dds">
      <Filter>Assets\Shapes\SpecialObjects</Filter>
    </Image>
    <Image Include="Assets\Shapes\SpecialObjects\ScurvyRemains2.dds">
      <Filter>Assets\Shapes\SpecialObjects</Filter>
    </Image>
    <Image Include="Assets\Shapes\SpecialObjects\XengatarnDevice011.dds">
      <Filter>Assets\Shapes\SpecialObjects</Filter>
    </Image>
    <Image Include="Assets\Shapes\SpecialObjects\XengatarnDevice012.dds">
      <Filter>Assets\Shapes\SpecialObjects</Filter>
    </Image>
    <Image Include="Assets\Shapes\SpecialObjects\XengatarnDevice013.dds">
      <Filter>Assets\Shapes\SpecialObjects</Filter>
    </Image>
    <Image Include="Assets\Shapes\SpaceObjects\DebrisGenericBarrel011.dds">
      <Filter>Assets\Shapes\SpaceObjects</Filter>
    </Image>
    <Image Include="Assets\Shapes\SpaceObjects\DebrisGenericBarrel012.dds">
      <Filter>Assets\Shapes\SpaceObjects</Filter>
    </Image>
    <Image Include="Assets\Shapes\SpaceObjects\DebrisGenericBarrel013.dds">
      <Filter>Assets\Shapes\SpaceObjects</Filter>
    </Image>
    <Image Include="Assets\Shapes\SpaceObjects\DebrisGenericBarrel021.dds">
      <Filter>Assets\Shapes\SpaceObjects</Filter>
    </Image>
    <Image Include="Assets\Shapes\SpaceObjects\DebrisGenericBarrel022.dds">
      <Filter>Assets\Shapes\SpaceObjects</Filter>
    </Image>
    <Image Include="Assets\Shapes\SpaceObjects\DebrisGenericBarrel023.dds">
      <Filter>Assets\Shapes\SpaceObjects</Filter>
    </Image>
    <Image Include="Assets\Shapes\SpaceObjects\DebrisGenericBarrel031.dds">
      <Filter>Assets\Shapes\SpaceObjects</Filter>
    </Image>
    <Image Include="Assets\Shapes\SpaceObjects\DebrisGenericBarrel032.dds">
      <Filter>Assets\Shapes\SpaceObjects</Filter>
    </Image>
    <Image Include="Assets\Shapes\SpaceObjects\DebrisGenericBarrel033.dds">
      <Filter>Assets\Shapes\SpaceObjects</Filter>
    </Image>
    <Image Include="Assets\Shapes\SpaceObjects\DebrisGenericBeam011.dds">
      <Filter>Assets\Shapes\SpaceObjects</Filter>
    </Image>
    <Image Include="Assets\Shapes\SpaceObjects\DebrisGenericBeam012.dds">
      <Filter>Assets\Shapes\SpaceObjects</Filter>
    </Image>
    <Image Include="Assets\Shapes\SpaceObjects\DebrisGenericPipe011.dds">
      <Filter>Assets\Shapes\SpaceObjects</Filter>
    </Image>
    <Image Include="Assets\Shapes\SpaceObjects\DebrisGenericPipe012.dds">
      <Filter>Assets\Shapes\SpaceObjects</Filter>
    </Image>
    <Image Include="Assets\Shapes\SpaceObjects\DebrisGenericPipe013.dds">
      <Filter>Assets\Shapes\SpaceObjects</Filter>
    </Image>
    <Image Include="Assets\Shapes\SpaceObjects\DebrisGenericSolarpanel011.dds">
      <Filter>Assets\Shapes\SpaceObjects</Filter>
    </Image>
    <Image Include="Assets\Shapes\SpaceObjects\DebrisGenericSolarpanel012.dds">
      <Filter>Assets\Shapes\SpaceObjects</Filter>
    </Image>
    <Image Include="Assets\Shapes\SpaceObjects\DebrisGenericSolarpanel013.dds">
      <Filter>Assets\Shapes\SpaceObjects</Filter>
    </Image>
    <Image Include="Assets\Shapes\SpaceObjects\DebrisGenericTransitor011.dds">
      <Filter>Assets\Shapes\SpaceObjects</Filter>
    </Image>
    <Image Include="Assets\Shapes\SpaceObjects\DebrisGenericTransitor012.dds">
      <Filter>Assets\Shapes\SpaceObjects</Filter>
    </Image>
    <Image Include="Assets\Shapes\SpaceObjects\DebrisGenericTransitor013.dds">
      <Filter>Assets\Shapes\SpaceObjects</Filter>
    </Image>
    <Image Include="Assets\Shapes\SpaceObjects\DebrisGenericWreck011.dds">
      <Filter>Assets\Shapes\SpaceObjects</Filter>
    </Image>
    <Image Include="Assets\Shapes\SpaceObjects\DebrisGenericWreck012.dds">
      <Filter>Assets\Shapes\SpaceObjects</Filter>
    </Image>
    <Image Include="Assets\Shapes\SpaceObjects\DebrisGenericWreck013.dds">
      <Filter>Assets\Shapes\SpaceObjects</Filter>
    </Image>
    <Image Include="Assets\Shapes\SpaceObjects\Mine011.dds">
      <Filter>Assets\Shapes\SpaceObjects</Filter>
    </Image>
    <Image Include="Assets\Shapes\SpaceObjects\Mine012.dds">
      <Filter>Assets\Shapes\SpaceObjects</Filter>
    </Image>
    <Image Include="Assets\Icons\SmallTile.scale-100.png">
      <Filter>Assets\Icons</Filter>
    </Image>
    <Image Include="Assets\Icons\SmallTile.scale-125.png">
      <Filter>Assets\Icons</Filter>
    </Image>
    <Image Include="Assets\Icons\SmallTile.scale-150.png">
      <Filter>Assets\Icons</Filter>
    </Image>
    <Image Include="Assets\Icons\SmallTile.scale-200.png">
      <Filter>Assets\Icons</Filter>
    </Image>
    <Image Include="Assets\Icons\SmallTile.scale-400.png">
      <Filter>Assets\Icons</Filter>
    </Image>
    <Image Include="Assets\Icons\Square150x150Logo.scale-100.png">
      <Filter>Assets\Icons</Filter>
    </Image>
    <Image Include="Assets\Icons\Square150x150Logo.scale-125.png">
      <Filter>Assets\Icons</Filter>
    </Image>
    <Image Include="Assets\Icons\Square150x150Logo.scale-150.png">
      <Filter>Assets\Icons</Filter>
    </Image>
    <Image Include="Assets\Icons\Square150x150Logo.scale-200.png">
      <Filter>Assets\Icons</Filter>
    </Image>
    <Image Include="Assets\Icons\Square150x150Logo.scale-400.png">
      <Filter>Assets\Icons</Filter>
    </Image>
    <Image Include="Assets\Icons\WideTile.scale-100.png">
      <Filter>Assets\Icons</Filter>
    </Image>
    <Image Include="Assets\Icons\WideTile.scale-125.png">
      <Filter>Assets\Icons</Filter>
    </Image>
    <Image Include="Assets\Icons\WideTile.scale-150.png">
      <Filter>Assets\Icons</Filter>
    </Image>
    <Image Include="Assets\Icons\WideTile.scale-200.png">
      <Filter>Assets\Icons</Filter>
    </Image>
    <Image Include="Assets\Icons\WideTile.scale-400.png">
      <Filter>Assets\Icons</Filter>
    </Image>
    <Image Include="Assets\Icons\LargeTile.scale-100.png">
      <Filter>Assets\Icons</Filter>
    </Image>
    <Image Include="Assets\Icons\LargeTile.scale-125.png">
      <Filter>Assets\Icons</Filter>
    </Image>
    <Image Include="Assets\Icons\LargeTile.scale-150.png">
      <Filter>Assets\Icons</Filter>
    </Image>
    <Image Include="Assets\Icons\LargeTile.scale-200.png">
      <Filter>Assets\Icons</Filter>
    </Image>
    <Image Include="Assets\Icons\LargeTile.scale-400.png">
      <Filter>Assets\Icons</Filter>
    </Image>
    <Image Include="Assets\Icons\Square44x44Logo.scale-100.png">
      <Filter>Assets\Icons</Filter>
    </Image>
    <Image Include="Assets\Icons\Square44x44Logo.scale-125.png">
      <Filter>Assets\Icons</Filter>
    </Image>
    <Image Include="Assets\Icons\Square44x44Logo.scale-150.png">
      <Filter>Assets\Icons</Filter>
    </Image>
    <Image Include="Assets\Icons\Square44x44Logo.scale-200.png">
      <Filter>Assets\Icons</Filter>
    </Image>
    <Image Include="Assets\Icons\Square44x44Logo.scale-400.png">
      <Filter>Assets\Icons</Filter>
    </Image>
    <Image Include="Assets\Icons\Square44x44Logo.targetsize-16.png">
      <Filter>Assets\Icons</Filter>
    </Image>
    <Image Include="Assets\Icons\Square44x44Logo.targetsize-24.png">
      <Filter>Assets\Icons</Filter>
    </Image>
    <Image Include="Assets\Icons\Square44x44Logo.targetsize-32.png">
      <Filter>Assets\Icons</Filter>
    </Image>
    <Image Include="Assets\Icons\Square44x44Logo.targetsize-48.png">
      <Filter>Assets\Icons</Filter>
    </Image>
    <Image Include="Assets\Icons\Square44x44Logo.targetsize-256.png">
      <Filter>Assets\Icons</Filter>
    </Image>
    <Image Include="Assets\Icons\Square44x44Logo.altform-unplated_targetsize-16.png">
      <Filter>Assets\Icons</Filter>
    </Image>
    <Image Include="Assets\Icons\Square44x44Logo.altform-unplated_targetsize-24.png">
      <Filter>Assets\Icons</Filter>
    </Image>
    <Image Include="Assets\Icons\Square44x44Logo.altform-unplated_targetsize-32.png">
      <Filter>Assets\Icons</Filter>
    </Image>
    <Image Include="Assets\Icons\Square44x44Logo.altform-unplated_targetsize-48.png">
      <Filter>Assets\Icons</Filter>
    </Image>
    <Image Include="Assets\Icons\Square44x44Logo.altform-unplated_targetsize-256.png">
      <Filter>Assets\Icons</Filter>
    </Image>
    <Image Include="Assets\Icons\Square44x44Logo.altform-lightunplated_targetsize-16.png">
      <Filter>Assets\Icons</Filter>
    </Image>
    <Image Include="Assets\Icons\Square44x44Logo.altform-lightunplated_targetsize-24.png">
      <Filter>Assets\Icons</Filter>
    </Image>
    <Image Include="Assets\Icons\Square44x44Logo.altform-lightunplated_targetsize-32.png">
      <Filter>Assets\Icons</Filter>
    </Image>
    <Image Include="Assets\Icons\Square44x44Logo.altform-lightunplated_targetsize-48.png">
      <Filter>Assets\Icons</Filter>
    </Image>
    <Image Include="Assets\Icons\Square44x44Logo.altform-lightunplated_targetsize-256.png">
      <Filter>Assets\Icons</Filter>
    </Image>
    <Image Include="Assets\Icons\SplashScreen.scale-100.png">
      <Filter>Assets\Icons</Filter>
    </Image>
    <Image Include="Assets\Icons\SplashScreen.scale-125.png">
      <Filter>Assets\Icons</Filter>
    </Image>
    <Image Include="Assets\Icons\SplashScreen.scale-150.png">
      <Filter>Assets\Icons</Filter>
    </Image>
    <Image Include="Assets\Icons\SplashScreen.scale-200.png">
      <Filter>Assets\Icons</Filter>
    </Image>
    <Image Include="Assets\Icons\SplashScreen.scale-400.png">
      <Filter>Assets\Icons</Filter>
    </Image>
    <Image Include="Assets\Icons\StoreLogo.scale-100.png">
      <Filter>Assets\Icons</Filter>
    </Image>
    <Image Include="Assets\Icons\StoreLogo.scale-125.png">
      <Filter>Assets\Icons</Filter>
    </Image>
    <Image Include="Assets\Icons\StoreLogo.scale-150.png">
      <Filter>Assets\Icons</Filter>
    </Image>
    <Image Include="Assets\Icons\StoreLogo.scale-200.png">
      <Filter>Assets\Icons</Filter>
    </Image>
    <Image Include="Assets\Icons\StoreLogo.scale-400.png">
      <Filter>Assets\Icons</Filter>
    </Image>
  </ItemGroup>
  <ItemGroup>
    <Filter Include="Assets">
      <UniqueIdentifier>{db9086fe-bacc-4437-8272-1aa6642082db}</UniqueIdentifier>
    </Filter>
    <Filter Include="Project Files">
      <UniqueIdentifier>{02bae768-21ca-4929-9633-f0529cb1660c}</UniqueIdentifier>
    </Filter>
    <Filter Include="Assets\Fonts">
      <UniqueIdentifier>{217ef6b3-55ce-4cbf-b526-b9ec185e45ac}</UniqueIdentifier>
    </Filter>
    <Filter Include="Assets\Textures">
      <UniqueIdentifier>{f4cb0d78-8c1f-4c7f-86e9-24054c89d473}</UniqueIdentifier>
    </Filter>
    <Filter Include="Assets\Shapes">
      <UniqueIdentifier>{4a0ee8e4-61aa-42f1-a9c6-08eb2b368631}</UniqueIdentifier>
    </Filter>
    <Filter Include="Assets\Shapes\Jumpgates">
      <UniqueIdentifier>{10841fb8-204b-4d7c-9bbb-1d31617ffc85}</UniqueIdentifier>
    </Filter>
    <Filter Include="Assets\Shapes\Asteroids">
      <UniqueIdentifier>{8a2cfb9c-909f-4414-8c62-82d163e4ee79}</UniqueIdentifier>
    </Filter>
    <Filter Include="Assets\Shapes\Crates">
      <UniqueIdentifier>{b765d649-6677-444b-af3d-928df0add103}</UniqueIdentifier>
    </Filter>
    <Filter Include="Assets\Shapes\Decorations">
      <UniqueIdentifier>{929ed84e-3e1d-4a54-8825-ee2045fab200}</UniqueIdentifier>
    </Filter>
    <Filter Include="Assets\Shapes\Hulls">
      <UniqueIdentifier>{44566530-34c6-4819-80f7-13cbd4cee7e2}</UniqueIdentifier>
    </Filter>
    <Filter Include="Assets\Shapes\SpaceObjects">
      <UniqueIdentifier>{b664b07f-c6cb-46f2-a643-a49192936eec}</UniqueIdentifier>
    </Filter>
    <Filter Include="Assets\Shapes\SpecialObjects">
      <UniqueIdentifier>{4e75b499-7c11-4a37-87c7-936322adc7b1}</UniqueIdentifier>
    </Filter>
    <Filter Include="Assets\Shapes\Stations">
      <UniqueIdentifier>{f84fd369-e7bb-4d44-9336-da74eaab5bad}</UniqueIdentifier>
    </Filter>
    <Filter Include="Assets\Shapes\Hulls\HeavyCruisers">
      <UniqueIdentifier>{5e126fc5-129a-4b23-ac4b-16e922dfb5bf}</UniqueIdentifier>
    </Filter>
    <Filter Include="Assets\Shapes\Hulls\HeavyFrigates">
      <UniqueIdentifier>{760d7415-3609-4b76-b31e-54473c74799c}</UniqueIdentifier>
    </Filter>
    <Filter Include="Assets\Shapes\Hulls\LightCruisers">
      <UniqueIdentifier>{871e564e-2b6e-4c22-83c4-5e63138ed98a}</UniqueIdentifier>
    </Filter>
    <Filter Include="Assets\Shapes\Hulls\LightFrigates">
      <UniqueIdentifier>{5e1bb490-3d56-4bec-a75b-0ada7906fe44}</UniqueIdentifier>
    </Filter>
    <Filter Include="Assets\Shapes\Hulls\Other">
      <UniqueIdentifier>{50df1fbe-90e3-4c83-9947-a4777ba12657}</UniqueIdentifier>
    </Filter>
    <Filter Include="Assets\Audio">
      <UniqueIdentifier>{b42cfbb7-9b19-41d5-88b4-b5ecc9224ce6}</UniqueIdentifier>
    </Filter>
    <Filter Include="Assets\Icons">
      <UniqueIdentifier>{97e31ad0-c5a4-488a-bfc2-30d32bdda87d}</UniqueIdentifier>
    </Filter>
  </ItemGroup>
  <ItemGroup>
    <None Include="packages.config">
      <Filter>Project Files</Filter>
    </None>
    <None Include="PropertySheet.props">
      <Filter>Project Files</Filter>
    </None>
    <None Include="EarthRise_TemporaryKey.pfx">
      <Filter>Project Files</Filter>
    </None>
    <None Include="Assets\Shapes\Jumpgates\Jumpgate01.cmo">
      <Filter>Assets\Shapes\Jumpgates</Filter>
    </None>
    <None Include="Assets\Shapes\Asteroids\Asteroid01Rock.cmo">
      <Filter>Assets\Shapes\Asteroids</Filter>
    </None>
    <None Include="Assets\Shapes\Asteroids\Asteroid02Rock.cmo">
      <Filter>Assets\Shapes\Asteroids</Filter>
    </None>
    <None Include="Assets\Shapes\Asteroids\Asteroid03Rock.cmo">
      <Filter>Assets\Shapes\Asteroids</Filter>
    </None>
    <None Include="Assets\Shapes\Asteroids\Asteroid04Ice.cmo">
      <Filter>Assets\Shapes\Asteroids</Filter>
    </None>
    <None Include="Assets\Shapes\Asteroids\Asteroid05Ice.cmo">
      <Filter>Assets\Shapes\Asteroids</Filter>
    </None>
    <None Include="Assets\Shapes\Asteroids\Asteroid06Lava.cmo">
      <Filter>Assets\Shapes\Asteroids</Filter>
    </None>
    <None Include="Assets\Shapes\Crates\Crate01.cmo">
      <Filter>Assets\Shapes\Crates</Filter>
    </None>
    <None Include="Assets\Shapes\Crates\Crate02.cmo">
      <Filter>Assets\Shapes\Crates</Filter>
    </None>
    <None Include="Assets\Shapes\Crates\CrateAlien01.cmo">
      <Filter>Assets\Shapes\Crates</Filter>
    </None>
    <None Include="Assets\Shapes\Decorations\BrokenAsteroid01.cmo">
      <Filter>Assets\Shapes\Decorations</Filter>
    </None>
    <None Include="Assets\Shapes\Decorations\Satellite01.cmo">
      <Filter>Assets\Shapes\Decorations</Filter>
    </None>
    <None Include="Assets\Shapes\Decorations\Satellite01Rust.cmo">
      <Filter>Assets\Shapes\Decorations</Filter>
    </None>
    <None Include="Assets\Shapes\Decorations\StationWreck01.cmo">
      <Filter>Assets\Shapes\Decorations</Filter>
    </None>
    <None Include="Assets\Shapes\Hulls\HeavyCruisers\HullAurora.cmo">
      <Filter>Assets\Shapes\Hulls\HeavyCruisers</Filter>
    </None>
    <None Include="Assets\Shapes\Hulls\HeavyCruisers\HullDeathBringer.cmo">
      <Filter>Assets\Shapes\Hulls\HeavyCruisers</Filter>
    </None>
    <None Include="Assets\Shapes\Hulls\HeavyCruisers\HullHammer.cmo">
      <Filter>Assets\Shapes\Hulls\HeavyCruisers</Filter>
    </None>
    <None Include="Assets\Shapes\Hulls\HeavyCruisers\HullWasp.cmo">
      <Filter>Assets\Shapes\Hulls\HeavyCruisers</Filter>
    </None>
    <None Include="Assets\Shapes\Hulls\HeavyCruisers\HullYamato.cmo">
      <Filter>Assets\Shapes\Hulls\HeavyCruisers</Filter>
    </None>
    <None Include="Assets\Shapes\Hulls\HeavyFrigates\HullAvalancheMk2.cmo">
      <Filter>Assets\Shapes\Hulls\HeavyFrigates</Filter>
    </None>
    <None Include="Assets\Shapes\Hulls\HeavyFrigates\HullBansheeMk2.cmo">
      <Filter>Assets\Shapes\Hulls\HeavyFrigates</Filter>
    </None>
    <None Include="Assets\Shapes\Hulls\HeavyFrigates\HullBoomerang.cmo">
      <Filter>Assets\Shapes\Hulls\HeavyFrigates</Filter>
    </None>
    <None Include="Assets\Shapes\Hulls\HeavyFrigates\HullFang.cmo">
      <Filter>Assets\Shapes\Hulls\HeavyFrigates</Filter>
    </None>
    <None Include="Assets\Shapes\Hulls\HeavyFrigates\HullFreighter.cmo">
      <Filter>Assets\Shapes\Hulls\HeavyFrigates</Filter>
    </None>
    <None Include="Assets\Shapes\Hulls\HeavyFrigates\HullScarabMk2.cmo">
      <Filter>Assets\Shapes\Hulls\HeavyFrigates</Filter>
    </None>
    <None Include="Assets\Shapes\Hulls\HeavyFrigates\HullStingray.cmo">
      <Filter>Assets\Shapes\Hulls\HeavyFrigates</Filter>
    </None>
    <None Include="Assets\Shapes\Hulls\HeavyFrigates\HullStryker.cmo">
      <Filter>Assets\Shapes\Hulls\HeavyFrigates</Filter>
    </None>
    <None Include="Assets\Shapes\Hulls\LightCruisers\HullAsteria.cmo">
      <Filter>Assets\Shapes\Hulls\LightCruisers</Filter>
    </None>
    <None Include="Assets\Shapes\Hulls\LightCruisers\HullCrab.cmo">
      <Filter>Assets\Shapes\Hulls\LightCruisers</Filter>
    </None>
    <None Include="Assets\Shapes\Hulls\LightCruisers\HullCrabOrder.cmo">
      <Filter>Assets\Shapes\Hulls\LightCruisers</Filter>
    </None>
    <None Include="Assets\Shapes\Hulls\LightCruisers\HullOrca.cmo">
      <Filter>Assets\Shapes\Hulls\LightCruisers</Filter>
    </None>
    <None Include="Assets\Shapes\Hulls\LightCruisers\HullOrcaFreedom.cmo">
      <Filter>Assets\Shapes\Hulls\LightCruisers</Filter>
    </None>
    <None Include="Assets\Shapes\Hulls\LightCruisers\HullStingrayMk2.cmo">
      <Filter>Assets\Shapes\Hulls\LightCruisers</Filter>
    </None>
    <None Include="Assets\Shapes\Hulls\LightCruisers\HullStingrayMk2Fanatics.cmo">
      <Filter>Assets\Shapes\Hulls\LightCruisers</Filter>
    </None>
    <None Include="Assets\Shapes\Hulls\LightFrigates\HullAvalanche.cmo">
      <Filter>Assets\Shapes\Hulls\LightFrigates</Filter>
    </None>
    <None Include="Assets\Shapes\Hulls\LightFrigates\HullBanshee.cmo">
      <Filter>Assets\Shapes\Hulls\LightFrigates</Filter>
    </None>
    <None Include="Assets\Shapes\Hulls\LightFrigates\HullEndeavor.cmo">
      <Filter>Assets\Shapes\Hulls\LightFrigates</Filter>
    </None>
    <None Include="Assets\Shapes\Hulls\LightFrigates\HullHeretic.cmo">
      <Filter>Assets\Shapes\Hulls\LightFrigates</Filter>
    </None>
    <None Include="Assets\Shapes\Hulls\LightFrigates\HullScarab.cmo">
      <Filter>Assets\Shapes\Hulls\LightFrigates</Filter>
    </None>
    <None Include="Assets\Shapes\Hulls\LightFrigates\HullShuttle.cmo">
      <Filter>Assets\Shapes\Hulls\LightFrigates</Filter>
    </None>
    <None Include="Assets\Shapes\Hulls\Other\HullFreighterNpc.cmo">
      <Filter>Assets\Shapes\Hulls\Other</Filter>
    </None>
    <None Include="Assets\Shapes\Hulls\Other\HullHive.cmo">
      <Filter>Assets\Shapes\Hulls\Other</Filter>
    </None>
    <None Include="Assets\Shapes\Hulls\Other\HullMegalisk.cmo">
      <Filter>Assets\Shapes\Hulls\Other</Filter>
    </None>
    <None Include="Assets\Shapes\Hulls\Other\HullPestBrown.cmo">
      <Filter>Assets\Shapes\Hulls\Other</Filter>
    </None>
    <None Include="Assets\Shapes\Hulls\Other\HullPestRed.cmo">
      <Filter>Assets\Shapes\Hulls\Other</Filter>
    </None>
    <None Include="Assets\Shapes\Hulls\Other\HullPiratePlatform.cmo">
      <Filter>Assets\Shapes\Hulls\Other</Filter>
    </None>
    <None Include="Assets\Shapes\Hulls\Other\HullTurretPlatform.cmo">
      <Filter>Assets\Shapes\Hulls\Other</Filter>
    </None>
    <None Include="Assets\Shapes\Hulls\Other\HullTurretPlatformMk2.cmo">
      <Filter>Assets\Shapes\Hulls\Other</Filter>
    </None>
    <None Include="Assets\Shapes\Hulls\Other\HullTurretPlatformMk3.cmo">
      <Filter>Assets\Shapes\Hulls\Other</Filter>
    </None>
    <None Include="Assets\Shapes\Hulls\Other\HullTurretXengatarn.cmo">
      <Filter>Assets\Shapes\Hulls\Other</Filter>
    </None>
    <None Include="Assets\Shapes\Hulls\Other\HullViolator.cmo">
      <Filter>Assets\Shapes\Hulls\Other</Filter>
    </None>
    <None Include="Assets\Shapes\Stations\Business01.cmo">
      <Filter>Assets\Shapes\Stations</Filter>
    </None>
    <None Include="Assets\Shapes\Stations\Military01.cmo">
      <Filter>Assets\Shapes\Stations</Filter>
    </None>
    <None Include="Assets\Shapes\Stations\Mining01.cmo">
      <Filter>Assets\Shapes\Stations</Filter>
    </None>
    <None Include="Assets\Shapes\Stations\Outpost01.cmo">
      <Filter>Assets\Shapes\Stations</Filter>
    </None>
    <None Include="Assets\Shapes\Stations\Science01.cmo">
      <Filter>Assets\Shapes\Stations</Filter>
    </None>
    <None Include="Assets\Shapes\SpecialObjects\ErgrekTerminal.cmo">
      <Filter>Assets\Shapes\SpecialObjects</Filter>
    </None>
    <None Include="Assets\Shapes\SpecialObjects\PlatformRefuel.cmo">
      <Filter>Assets\Shapes\SpecialObjects</Filter>
    </None>
    <None Include="Assets\Shapes\SpecialObjects\PlatformRepair.cmo">
      <Filter>Assets\Shapes\SpecialObjects</Filter>
    </None>
    <None Include="Assets\Shapes\SpecialObjects\ScurvyRemains.cmo">
      <Filter>Assets\Shapes\SpecialObjects</Filter>
    </None>
    <None Include="Assets\Shapes\SpecialObjects\XengatarnDevice01.cmo">
      <Filter>Assets\Shapes\SpecialObjects</Filter>
    </None>
    <None Include="Assets\Shapes\SpaceObjects\DebrisGenericBarrel01.cmo">
      <Filter>Assets\Shapes\SpaceObjects</Filter>
    </None>
    <None Include="Assets\Shapes\SpaceObjects\DebrisGenericBarrel02.cmo">
      <Filter>Assets\Shapes\SpaceObjects</Filter>
    </None>
    <None Include="Assets\Shapes\SpaceObjects\DebrisGenericBarrel03.cmo">
      <Filter>Assets\Shapes\SpaceObjects</Filter>
    </None>
    <None Include="Assets\Shapes\SpaceObjects\DebrisGenericBeam01.cmo">
      <Filter>Assets\Shapes\SpaceObjects</Filter>
    </None>
    <None Include="Assets\Shapes\SpaceObjects\DebrisGenericPipe01.cmo">
      <Filter>Assets\Shapes\SpaceObjects</Filter>
    </None>
    <None Include="Assets\Shapes\SpaceObjects\DebrisGenericSolarpanel01.cmo">
      <Filter>Assets\Shapes\SpaceObjects</Filter>
    </None>
    <None Include="Assets\Shapes\SpaceObjects\DebrisGenericTransitor01.cmo">
      <Filter>Assets\Shapes\SpaceObjects</Filter>
    </None>
    <None Include="Assets\Shapes\SpaceObjects\DebrisGenericWreck01.cmo">
      <Filter>Assets\Shapes\SpaceObjects</Filter>
    </None>
    <None Include="Assets\Shapes\SpaceObjects\Mine01.cmo">
      <Filter>Assets\Shapes\SpaceObjects</Filter>
    </None>
  </ItemGroup>
  <ItemGroup>
    <AppxManifest Include="Package.appxmanifest">
      <Filter>Project Files</Filter>
    </AppxManifest>
  </ItemGroup>
  <ItemGroup>
    <Media Include="Assets\Audio\ambient_space.wav">
      <Filter>Assets\Audio</Filter>
    </Media>
    <Media Include="Assets\Audio\ui_select.wav">
      <Filter>Assets\Audio</Filter>
    </Media>
    <Media Include="Assets\Audio\ui_click.wav">
      <Filter>Assets\Audio</Filter>
    </Media>
  </ItemGroup>
</Project>